
Microsoft Visual Studio Solution File, Format Version 12.00
# Visual Studio Version 17
VisualStudioVersion = 17.11.35327.3
MinimumVisualStudioVersion = 10.0.40219.1
Project("{FAE04EC0-301F-11D3-BF4B-00C04F79EFBC}") = "EHSDataAccessLayer", "EHSDataAccessLayer\EHSDataAccessLayer.csproj", "{20B4E9F8-23CB-4B8D-891F-7EDD58313DAA}"
EndProject
Project("{FAE04EC0-301F-11D3-BF4B-00C04F79EFBC}") = "EHSWebAPI", "EHSWebAPI\EHSWebAPI.csproj", "{D3FCD682-759C-4538-A28A-72AB7B87F579}"
EndProject
Project("{FAE04EC0-301F-11D3-BF4B-00C04F79EFBC}") = "EasyHousingClient", "EasyHousingClient\EasyHousingClient.csproj", "{A3452538-385C-475B-800D-D867A9A20F15}"
EndProject
Global
	GlobalSection(SolutionConfigurationPlatforms) = preSolution
		Debug|Any CPU = Debug|Any CPU
		Release|Any CPU = Release|Any CPU
	EndGlobalSection
	GlobalSection(ProjectConfigurationPlatforms) = postSolution
		{20B4E9F8-23CB-4B8D-891F-7EDD58313DAA}.Debug|Any CPU.ActiveCfg = Debug|Any CPU
		{20B4E9F8-23CB-4B8D-891F-7EDD58313DAA}.Debug|Any CPU.Build.0 = Debug|Any CPU
		{20B4E9F8-23CB-4B8D-891F-7EDD58313DAA}.Release|Any CPU.ActiveCfg = Release|Any CPU
		{20B4E9F8-23CB-4B8D-891F-7EDD58313DAA}.Release|Any CPU.Build.0 = Release|Any CPU
		{D3FCD682-759C-4538-A28A-72AB7B87F579}.Debug|Any CPU.ActiveCfg = Debug|Any CPU
		{D3FCD682-759C-4538-A28A-72AB7B87F579}.Debug|Any CPU.Build.0 = Debug|Any CPU
		{D3FCD682-759C-4538-A28A-72AB7B87F579}.Release|Any CPU.ActiveCfg = Release|Any CPU
		{D3FCD682-759C-4538-A28A-72AB7B87F579}.Release|Any CPU.Build.0 = Release|Any CPU
		{A3452538-385C-475B-800D-D867A9A20F15}.Debug|Any CPU.ActiveCfg = Debug|Any CPU
		{A3452538-385C-475B-800D-D867A9A20F15}.Debug|Any CPU.Build.0 = Debug|Any CPU
		{A3452538-385C-475B-800D-D867A9A20F15}.Release|Any CPU.ActiveCfg = Release|Any CPU
		{A3452538-385C-475B-800D-D867A9A20F15}.Release|Any CPU.Build.0 = Release|Any CPU
	EndGlobalSection
	GlobalSection(SolutionProperties) = preSolution
		HideSolutionNode = FALSE
	EndGlobalSection
	GlobalSection(ExtensibilityGlobals) = postSolution
		SolutionGuid = {AB725D60-045B-4A0D-8210-961CD96B2A43}
	EndGlobalSection
EndGlobal
